// !$*UTF8*$!
{
	archiveVersion = 1;
	classes = {
	};
	objectVersion = 56;
	objects = {

/* Begin PBXBuildFile section */
		7B28670629B6EC7000CEC274 /* MainViewModel.swift in Sources */ = {isa = PBXBuildFile; fileRef = 7B28670529B6EC7000CEC274 /* MainViewModel.swift */; };
		7B28670929B700E900CEC274 /* Observable.swift in Sources */ = {isa = PBXBuildFile; fileRef = 7B28670829B700E900CEC274 /* Observable.swift */; };
		7BE1EA3A29B688E900E26255 /* AppDelegate.swift in Sources */ = {isa = PBXBuildFile; fileRef = 7BE1EA3929B688E900E26255 /* AppDelegate.swift */; };
		7BE1EA3C29B688E900E26255 /* SceneDelegate.swift in Sources */ = {isa = PBXBuildFile; fileRef = 7BE1EA3B29B688E900E26255 /* SceneDelegate.swift */; };
		7BE1EA3E29B688E900E26255 /* ViewController.swift in Sources */ = {isa = PBXBuildFile; fileRef = 7BE1EA3D29B688E900E26255 /* ViewController.swift */; };
		7BE1EA4329B688EC00E26255 /* Assets.xcassets in Resources */ = {isa = PBXBuildFile; fileRef = 7BE1EA4229B688EC00E26255 /* Assets.xcassets */; };
		7BE1EA5429B69FDB00E26255 /* SplashScreenViewController.swift in Sources */ = {isa = PBXBuildFile; fileRef = 7BE1EA5329B69FDB00E26255 /* SplashScreenViewController.swift */; };
		7BE1EA5629B6A8CB00E26255 /* MainViewController.swift in Sources */ = {isa = PBXBuildFile; fileRef = 7BE1EA5529B6A8CB00E26255 /* MainViewController.swift */; };
		7BFA780929B6C77E00141379 /* ApiCaller.swift in Sources */ = {isa = PBXBuildFile; fileRef = 7BFA780829B6C77E00141379 /* ApiCaller.swift */; };
		7BFA780B29B6CF3E00141379 /* WeatherModel.swift in Sources */ = {isa = PBXBuildFile; fileRef = 7BFA780A29B6CF3E00141379 /* WeatherModel.swift */; };
/* End PBXBuildFile section */

/* Begin PBXFileReference section */
		7B28670529B6EC7000CEC274 /* MainViewModel.swift */ = {isa = PBXFileReference; lastKnownFileType = sourcecode.swift; path = MainViewModel.swift; sourceTree = "<group>"; };
		7B28670829B700E900CEC274 /* Observable.swift */ = {isa = PBXFileReference; lastKnownFileType = sourcecode.swift; path = Observable.swift; sourceTree = "<group>"; };
		7BE1EA3629B688E900E26255 /* TsotsiWeatherApp.app */ = {isa = PBXFileReference; explicitFileType = wrapper.application; includeInIndex = 0; path = TsotsiWeatherApp.app; sourceTree = BUILT_PRODUCTS_DIR; };
		7BE1EA3929B688E900E26255 /* AppDelegate.swift */ = {isa = PBXFileReference; lastKnownFileType = sourcecode.swift; path = AppDelegate.swift; sourceTree = "<group>"; };
		7BE1EA3B29B688E900E26255 /* SceneDelegate.swift */ = {isa = PBXFileReference; lastKnownFileType = sourcecode.swift; path = SceneDelegate.swift; sourceTree = "<group>"; };
		7BE1EA3D29B688E900E26255 /* ViewController.swift */ = {isa = PBXFileReference; lastKnownFileType = sourcecode.swift; path = ViewController.swift; sourceTree = "<group>"; };
		7BE1EA4229B688EC00E26255 /* Assets.xcassets */ = {isa = PBXFileReference; lastKnownFileType = folder.assetcatalog; path = Assets.xcassets; sourceTree = "<group>"; };
		7BE1EA4729B688EC00E26255 /* Info.plist */ = {isa = PBXFileReference; lastKnownFileType = text.plist.xml; path = Info.plist; sourceTree = "<group>"; };
		7BE1EA5329B69FDB00E26255 /* SplashScreenViewController.swift */ = {isa = PBXFileReference; lastKnownFileType = sourcecode.swift; path = SplashScreenViewController.swift; sourceTree = "<group>"; };
		7BE1EA5529B6A8CB00E26255 /* MainViewController.swift */ = {isa = PBXFileReference; lastKnownFileType = sourcecode.swift; path = MainViewController.swift; sourceTree = "<group>"; };
		7BFA780829B6C77E00141379 /* ApiCaller.swift */ = {isa = PBXFileReference; lastKnownFileType = sourcecode.swift; path = ApiCaller.swift; sourceTree = "<group>"; };
		7BFA780A29B6CF3E00141379 /* WeatherModel.swift */ = {isa = PBXFileReference; lastKnownFileType = sourcecode.swift; path = WeatherModel.swift; sourceTree = "<group>"; };
/* End PBXFileReference section */

/* Begin PBXFrameworksBuildPhase section */
		7BE1EA3329B688E900E26255 /* Frameworks */ = {
			isa = PBXFrameworksBuildPhase;
			buildActionMask = 2147483647;
			files = (
			);
			runOnlyForDeploymentPostprocessing = 0;
		};
/* End PBXFrameworksBuildPhase section */

/* Begin PBXGroup section */
		7B28670729B700CB00CEC274 /* Classes */ = {
			isa = PBXGroup;
			children = (
				7B28670829B700E900CEC274 /* Observable.swift */,
			);
			path = Classes;
			sourceTree = "<group>";
		};
		7BE1EA2D29B688E900E26255 = {
			isa = PBXGroup;
			children = (
				7BE1EA3829B688E900E26255 /* TsotsiWeatherApp */,
				7BE1EA3729B688E900E26255 /* Products */,
			);
			sourceTree = "<group>";
		};
		7BE1EA3729B688E900E26255 /* Products */ = {
			isa = PBXGroup;
			children = (
				7BE1EA3629B688E900E26255 /* TsotsiWeatherApp.app */,
			);
			name = Products;
			sourceTree = "<group>";
		};
		7BE1EA3829B688E900E26255 /* TsotsiWeatherApp */ = {
			isa = PBXGroup;
			children = (
				7B28670729B700CB00CEC274 /* Classes */,
				7BFA780729B6C76600141379 /* Managers */,
				7BE1EA5129B6895000E26255 /* Resources */,
				7BE1EA5029B6893E00E26255 /* Controllers */,
				7BE1EA4F29B6893100E26255 /* ViewModel */,
				7BE1EA4E29B6892600E26255 /* Views */,
				7BE1EA4D29B688F800E26255 /* Models */,
				7BE1EA3929B688E900E26255 /* AppDelegate.swift */,
				7BE1EA3B29B688E900E26255 /* SceneDelegate.swift */,
				7BE1EA3D29B688E900E26255 /* ViewController.swift */,
				7BE1EA4729B688EC00E26255 /* Info.plist */,
			);
			path = TsotsiWeatherApp;
			sourceTree = "<group>";
		};
		7BE1EA4D29B688F800E26255 /* Models */ = {
			isa = PBXGroup;
			children = (
				7BFA780A29B6CF3E00141379 /* WeatherModel.swift */,
			);
			path = Models;
			sourceTree = "<group>";
		};
		7BE1EA4E29B6892600E26255 /* Views */ = {
			isa = PBXGroup;
			children = (
			);
			path = Views;
			sourceTree = "<group>";
		};
		7BE1EA4F29B6893100E26255 /* ViewModel */ = {
			isa = PBXGroup;
			children = (
				7B28670529B6EC7000CEC274 /* MainViewModel.swift */,
			);
			path = ViewModel;
			sourceTree = "<group>";
		};
		7BE1EA5029B6893E00E26255 /* Controllers */ = {
			isa = PBXGroup;
			children = (
				7BE1EA5329B69FDB00E26255 /* SplashScreenViewController.swift */,
				7BE1EA5529B6A8CB00E26255 /* MainViewController.swift */,
			);
			path = Controllers;
			sourceTree = "<group>";
		};
		7BE1EA5129B6895000E26255 /* Resources */ = {
			isa = PBXGroup;
			children = (
				7BE1EA4229B688EC00E26255 /* Assets.xcassets */,
			);
			path = Resources;
			sourceTree = "<group>";
		};
		7BFA780729B6C76600141379 /* Managers */ = {
			isa = PBXGroup;
			children = (
				7BFA780829B6C77E00141379 /* ApiCaller.swift */,
			);
			path = Managers;
			sourceTree = "<group>";
		};
/* End PBXGroup section */

/* Begin PBXNativeTarget section */
		7BE1EA3529B688E900E26255 /* TsotsiWeatherApp */ = {
			isa = PBXNativeTarget;
			buildConfigurationList = 7BE1EA4A29B688EC00E26255 /* Build configuration list for PBXNativeTarget "TsotsiWeatherApp" */;
			buildPhases = (
				7BE1EA3229B688E900E26255 /* Sources */,
				7BE1EA3329B688E900E26255 /* Frameworks */,
				7BE1EA3429B688E900E26255 /* Resources */,
			);
			buildRules = (
			);
			dependencies = (
			);
			name = TsotsiWeatherApp;
			productName = TsotsiWeatherApp;
			productReference = 7BE1EA3629B688E900E26255 /* TsotsiWeatherApp.app */;
			productType = "com.apple.product-type.application";
		};
/* End PBXNativeTarget section */

/* Begin PBXProject section */
		7BE1EA2E29B688E900E26255 /* Project object */ = {
			isa = PBXProject;
			attributes = {
				BuildIndependentTargetsInParallel = 1;
				LastSwiftUpdateCheck = 1420;
				LastUpgradeCheck = 1420;
				TargetAttributes = {
					7BE1EA3529B688E900E26255 = {
						CreatedOnToolsVersion = 14.2;
					};
				};
			};
			buildConfigurationList = 7BE1EA3129B688E900E26255 /* Build configuration list for PBXProject "TsotsiWeatherApp" */;
			compatibilityVersion = "Xcode 14.0";
			developmentRegion = en;
			hasScannedForEncodings = 0;
			knownRegions = (
				en,
				Base,
			);
			mainGroup = 7BE1EA2D29B688E900E26255;
			productRefGroup = 7BE1EA3729B688E900E26255 /* Products */;
			projectDirPath = "";
			projectRoot = "";
			targets = (
				7BE1EA3529B688E900E26255 /* TsotsiWeatherApp */,
			);
		};
/* End PBXProject section */

/* Begin PBXResourcesBuildPhase section */
		7BE1EA3429B688E900E26255 /* Resources */ = {
			isa = PBXResourcesBuildPhase;
			buildActionMask = 2147483647;
			files = (
				7BE1EA4329B688EC00E26255 /* Assets.xcassets in Resources */,
			);
			runOnlyForDeploymentPostprocessing = 0;
		};
/* End PBXResourcesBuildPhase section */

/* Begin PBXSourcesBuildPhase section */
		7BE1EA3229B688E900E26255 /* Sources */ = {
			isa = PBXSourcesBuildPhase;
			buildActionMask = 2147483647;
			files = (
				7BE1EA3E29B688E900E26255 /* ViewController.swift in Sources */,
				7BFA780929B6C77E00141379 /* ApiCaller.swift in Sources */,
				7BFA780B29B6CF3E00141379 /* WeatherModel.swift in Sources */,
				7BE1EA3A29B688E900E26255 /* AppDelegate.swift in Sources */,
				7B28670929B700E900CEC274 /* Observable.swift in Sources */,
				7BE1EA5429B69FDB00E26255 /* SplashScreenViewController.swift in Sources */,
				7BE1EA3C29B688E900E26255 /* SceneDelegate.swift in Sources */,
				7BE1EA5629B6A8CB00E26255 /* MainViewController.swift in Sources */,
				7B28670629B6EC7000CEC274 /* MainViewModel.swift in Sources */,
			);
			runOnlyForDeploymentPostprocessing = 0;
		};
/* End PBXSourcesBuildPhase section */

/* Begin XCBuildConfiguration section */
		7BE1EA4829B688EC00E26255 /* Debug */ = {
			isa = XCBuildConfiguration;
			buildSettings = {
				ALWAYS_SEARCH_USER_PATHS = NO;
				CLANG_ANALYZER_NONNULL = YES;
				CLANG_ANALYZER_NUMBER_OBJECT_CONVERSION = YES_AGGRESSIVE;
				CLANG_CXX_LANGUAGE_STANDARD = "gnu++20";
				CLANG_ENABLE_MODULES = YES;
				CLANG_ENABLE_OBJC_ARC = YES;
				CLANG_ENABLE_OBJC_WEAK = YES;
				CLANG_WARN_BLOCK_CAPTURE_AUTORELEASING = YES;
				CLANG_WARN_BOOL_CONVERSION = YES;
				CLANG_WARN_COMMA = YES;
				CLANG_WARN_CONSTANT_CONVERSION = YES;
				CLANG_WARN_DEPRECATED_OBJC_IMPLEMENTATIONS = YES;
				CLANG_WARN_DIRECT_OBJC_ISA_USAGE = YES_ERROR;
				CLANG_WARN_DOCUMENTATION_COMMENTS = YES;
				CLANG_WARN_EMPTY_BODY = YES;
				CLANG_WARN_ENUM_CONVERSION = YES;
				CLANG_WARN_INFINITE_RECURSION = YES;
				CLANG_WARN_INT_CONVERSION = YES;
				CLANG_WARN_NON_LITERAL_NULL_CONVERSION = YES;
				CLANG_WARN_OBJC_IMPLICIT_RETAIN_SELF = YES;
				CLANG_WARN_OBJC_LITERAL_CONVERSION = YES;
				CLANG_WARN_OBJC_ROOT_CLASS = YES_ERROR;
				CLANG_WARN_QUOTED_INCLUDE_IN_FRAMEWORK_HEADER = YES;
				CLANG_WARN_RANGE_LOOP_ANALYSIS = YES;
				CLANG_WARN_STRICT_PROTOTYPES = YES;
				CLANG_WARN_SUSPICIOUS_MOVE = YES;
				CLANG_WARN_UNGUARDED_AVAILABILITY = YES_AGGRESSIVE;
				CLANG_WARN_UNREACHABLE_CODE = YES;
				CLANG_WARN__DUPLICATE_METHOD_MATCH = YES;
				COPY_PHASE_STRIP = NO;
				DEBUG_INFORMATION_FORMAT = dwarf;
				ENABLE_STRICT_OBJC_MSGSEND = YES;
				ENABLE_TESTABILITY = YES;
				GCC_C_LANGUAGE_STANDARD = gnu11;
				GCC_DYNAMIC_NO_PIC = NO;
				GCC_NO_COMMON_BLOCKS = YES;
				GCC_OPTIMIZATION_LEVEL = 0;
				GCC_PREPROCESSOR_DEFINITIONS = (
					"DEBUG=1",
					"$(inherited)",
				);
				GCC_WARN_64_TO_32_BIT_CONVERSION = YES;
				GCC_WARN_ABOUT_RETURN_TYPE = YES_ERROR;
				GCC_WARN_UNDECLARED_SELECTOR = YES;
				GCC_WARN_UNINITIALIZED_AUTOS = YES_AGGRESSIVE;
				GCC_WARN_UNUSED_FUNCTION = YES;
				GCC_WARN_UNUSED_VARIABLE = YES;
				IPHONEOS_DEPLOYMENT_TARGET = 16.2;
				MTL_ENABLE_DEBUG_INFO = INCLUDE_SOURCE;
				MTL_FAST_MATH = YES;
				ONLY_ACTIVE_ARCH = YES;
				SDKROOT = iphoneos;
				SWIFT_ACTIVE_COMPILATION_CONDITIONS = DEBUG;
				SWIFT_OPTIMIZATION_LEVEL = "-Onone";
			};
			name = Debug;
		};
		7BE1EA4929B688EC00E26255 /* Release */ = {
			isa = XCBuildConfiguration;
			buildSettings = {
				ALWAYS_SEARCH_USER_PATHS = NO;
				CLANG_ANALYZER_NONNULL = YES;
				CLANG_ANALYZER_NUMBER_OBJECT_CONVERSION = YES_AGGRESSIVE;
				CLANG_CXX_LANGUAGE_STANDARD = "gnu++20";
				CLANG_ENABLE_MODULES = YES;
				CLANG_ENABLE_OBJC_ARC = YES;
				CLANG_ENABLE_OBJC_WEAK = YES;
				CLANG_WARN_BLOCK_CAPTURE_AUTORELEASING = YES;
				CLANG_WARN_BOOL_CONVERSION = YES;
				CLANG_WARN_COMMA = YES;
				CLANG_WARN_CONSTANT_CONVERSION = YES;
				CLANG_WARN_DEPRECATED_OBJC_IMPLEMENTATIONS = YES;
				CLANG_WARN_DIRECT_OBJC_ISA_USAGE = YES_ERROR;
				CLANG_WARN_DOCUMENTATION_COMMENTS = YES;
				CLANG_WARN_EMPTY_BODY = YES;
				CLANG_WARN_ENUM_CONVERSION = YES;
				CLANG_WARN_INFINITE_RECURSION = YES;
				CLANG_WARN_INT_CONVERSION = YES;
				CLANG_WARN_NON_LITERAL_NULL_CONVERSION = YES;
				CLANG_WARN_OBJC_IMPLICIT_RETAIN_SELF = YES;
				CLANG_WARN_OBJC_LITERAL_CONVERSION = YES;
				CLANG_WARN_OBJC_ROOT_CLASS = YES_ERROR;
				CLANG_WARN_QUOTED_INCLUDE_IN_FRAMEWORK_HEADER = YES;
				CLANG_WARN_RANGE_LOOP_ANALYSIS = YES;
				CLANG_WARN_STRICT_PROTOTYPES = YES;
				CLANG_WARN_SUSPICIOUS_MOVE = YES;
				CLANG_WARN_UNGUARDED_AVAILABILITY = YES_AGGRESSIVE;
				CLANG_WARN_UNREACHABLE_CODE = YES;
				CLANG_WARN__DUPLICATE_METHOD_MATCH = YES;
				COPY_PHASE_STRIP = NO;
				DEBUG_INFORMATION_FORMAT = "dwarf-with-dsym";
				ENABLE_NS_ASSERTIONS = NO;
				ENABLE_STRICT_OBJC_MSGSEND = YES;
				GCC_C_LANGUAGE_STANDARD = gnu11;
				GCC_NO_COMMON_BLOCKS = YES;
				GCC_WARN_64_TO_32_BIT_CONVERSION = YES;
				GCC_WARN_ABOUT_RETURN_TYPE = YES_ERROR;
				GCC_WARN_UNDECLARED_SELECTOR = YES;
				GCC_WARN_UNINITIALIZED_AUTOS = YES_AGGRESSIVE;
				GCC_WARN_UNUSED_FUNCTION = YES;
				GCC_WARN_UNUSED_VARIABLE = YES;
				IPHONEOS_DEPLOYMENT_TARGET = 16.2;
				MTL_ENABLE_DEBUG_INFO = NO;
				MTL_FAST_MATH = YES;
				SDKROOT = iphoneos;
				SWIFT_COMPILATION_MODE = wholemodule;
				SWIFT_OPTIMIZATION_LEVEL = "-O";
				VALIDATE_PRODUCT = YES;
			};
			name = Release;
		};
		7BE1EA4B29B688EC00E26255 /* Debug */ = {
			isa = XCBuildConfiguration;
			buildSettings = {
				ASSETCATALOG_COMPILER_APPICON_NAME = AppIcon;
				ASSETCATALOG_COMPILER_GLOBAL_ACCENT_COLOR_NAME = AccentColor;
				CODE_SIGN_STYLE = Automatic;
				CURRENT_PROJECT_VERSION = 1;
				DEVELOPMENT_TEAM = RNCKR5PQVD;
				GENERATE_INFOPLIST_FILE = YES;
				INFOPLIST_FILE = TsotsiWeatherApp/Info.plist;
				INFOPLIST_KEY_UIApplicationSupportsIndirectInputEvents = YES;
				INFOPLIST_KEY_UILaunchStoryboardName = LaunchScreen;
				INFOPLIST_KEY_UISupportedInterfaceOrientations_iPad = "UIInterfaceOrientationPortrait UIInterfaceOrientationPortraitUpsideDown UIInterfaceOrientationLandscapeLeft UIInterfaceOrientationLandscapeRight";
				INFOPLIST_KEY_UISupportedInterfaceOrientations_iPhone = "UIInterfaceOrientationPortrait UIInterfaceOrientationLandscapeLeft UIInterfaceOrientationLandscapeRight";
				LD_RUNPATH_SEARCH_PATHS = (
					"$(inherited)",
					"@executable_path/Frameworks",
				);
				MARKETING_VERSION = 1.0;
				PRODUCT_BUNDLE_IDENTIFIER = CybafricanTech.TsotsiWeatherApp;
				PRODUCT_NAME = "$(TARGET_NAME)";
				SWIFT_EMIT_LOC_STRINGS = YES;
				SWIFT_VERSION = 5.0;
				TARGETED_DEVICE_FAMILY = "1,2";
			};
			name = Debug;
		};
		7BE1EA4C29B688EC00E26255 /* Release */ = {
			isa = XCBuildConfiguration;
			buildSettings = {
				ASSETCATALOG_COMPILER_APPICON_NAME = AppIcon;
				ASSETCATALOG_COMPILER_GLOBAL_ACCENT_COLOR_NAME = AccentColor;
				CODE_SIGN_STYLE = Automatic;
				CURRENT_PROJECT_VERSION = 1;
				DEVELOPMENT_TEAM = RNCKR5PQVD;
				GENERATE_INFOPLIST_FILE = YES;
				INFOPLIST_FILE = TsotsiWeatherApp/Info.plist;
				INFOPLIST_KEY_UIApplicationSupportsIndirectInputEvents = YES;
				INFOPLIST_KEY_UILaunchStoryboardName = LaunchScreen;
				INFOPLIST_KEY_UISupportedInterfaceOrientations_iPad = "UIInterfaceOrientationPortrait UIInterfaceOrientationPortraitUpsideDown UIInterfaceOrientationLandscapeLeft UIInterfaceOrientationLandscapeRight";
				INFOPLIST_KEY_UISupportedInterfaceOrientations_iPhone = "UIInterfaceOrientationPortrait UIInterfaceOrientationLandscapeLeft UIInterfaceOrientationLandscapeRight";
				LD_RUNPATH_SEARCH_PATHS = (
					"$(inherited)",
					"@executable_path/Frameworks",
				);
				MARKETING_VERSION = 1.0;
				PRODUCT_BUNDLE_IDENTIFIER = CybafricanTech.TsotsiWeatherApp;
				PRODUCT_NAME = "$(TARGET_NAME)";
				SWIFT_EMIT_LOC_STRINGS = YES;
				SWIFT_VERSION = 5.0;
				TARGETED_DEVICE_FAMILY = "1,2";
			};
			name = Release;
		};
/* End XCBuildConfiguration section */

/* Begin XCConfigurationList section */
		7BE1EA3129B688E900E26255 /* Build configuration list for PBXProject "TsotsiWeatherApp" */ = {
			isa = XCConfigurationList;
			buildConfigurations = (
				7BE1EA4829B688EC00E26255 /* Debug */,
				7BE1EA4929B688EC00E26255 /* Release */,
			);
			defaultConfigurationIsVisible = 0;
			defaultConfigurationName = Release;
		};
		7BE1EA4A29B688EC00E26255 /* Build configuration list for PBXNativeTarget "TsotsiWeatherApp" */ = {
			isa = XCConfigurationList;
			buildConfigurations = (
				7BE1EA4B29B688EC00E26255 /* Debug */,
				7BE1EA4C29B688EC00E26255 /* Release */,
			);
			defaultConfigurationIsVisible = 0;
			defaultConfigurationName = Release;
		};
/* End XCConfigurationList section */
	};
	rootObject = 7BE1EA2E29B688E900E26255 /* Project object */;
}
